
Microsoft Visual Studio Solution File, Format Version 12.00
# Visual Studio Version 16
VisualStudioVersion = 16.0.30907.101
MinimumVisualStudioVersion = 10.0.40219.1
Project("{9A19103F-16F7-4668-BE54-9A1E7A4F7556}") = "CursoMVC", "CursoMVC\CursoMVC.csproj", "{55DE71F8-14BD-488B-B9BB-F5E93D8F6AEF}"
EndProject
Project("{9A19103F-16F7-4668-BE54-9A1E7A4F7556}") = "CursoAPI", "CursoAPI\CursoAPI.csproj", "{B144E7B1-8BEE-4628-B57E-5EACA73A701B}"
EndProject
Project("{FAE04EC0-301F-11D3-BF4B-00C04F79EFBC}") = "CursoTeste", "CursoTeste\CursoTeste.csproj", "{09FFBB03-D8F4-46A3-AE8A-7EF7A665D479}"
EndProject
Global
	GlobalSection(SolutionConfigurationPlatforms) = preSolution
		Debug|Any CPU = Debug|Any CPU
		Release|Any CPU = Release|Any CPU
	EndGlobalSection
	GlobalSection(ProjectConfigurationPlatforms) = postSolution
		{55DE71F8-14BD-488B-B9BB-F5E93D8F6AEF}.Debug|Any CPU.ActiveCfg = Debug|Any CPU
		{55DE71F8-14BD-488B-B9BB-F5E93D8F6AEF}.Debug|Any CPU.Build.0 = Debug|Any CPU
		{55DE71F8-14BD-488B-B9BB-F5E93D8F6AEF}.Release|Any CPU.ActiveCfg = Release|Any CPU
		{55DE71F8-14BD-488B-B9BB-F5E93D8F6AEF}.Release|Any CPU.Build.0 = Release|Any CPU
		{B144E7B1-8BEE-4628-B57E-5EACA73A701B}.Debug|Any CPU.ActiveCfg = Debug|Any CPU
		{B144E7B1-8BEE-4628-B57E-5EACA73A701B}.Debug|Any CPU.Build.0 = Debug|Any CPU
		{B144E7B1-8BEE-4628-B57E-5EACA73A701B}.Release|Any CPU.ActiveCfg = Release|Any CPU
		{B144E7B1-8BEE-4628-B57E-5EACA73A701B}.Release|Any CPU.Build.0 = Release|Any CPU
		{09FFBB03-D8F4-46A3-AE8A-7EF7A665D479}.Debug|Any CPU.ActiveCfg = Debug|Any CPU
		{09FFBB03-D8F4-46A3-AE8A-7EF7A665D479}.Debug|Any CPU.Build.0 = Debug|Any CPU
		{09FFBB03-D8F4-46A3-AE8A-7EF7A665D479}.Release|Any CPU.ActiveCfg = Release|Any CPU
		{09FFBB03-D8F4-46A3-AE8A-7EF7A665D479}.Release|Any CPU.Build.0 = Release|Any CPU
	EndGlobalSection
	GlobalSection(SolutionProperties) = preSolution
		HideSolutionNode = FALSE
	EndGlobalSection
	GlobalSection(ExtensibilityGlobals) = postSolution
		SolutionGuid = {AE84DA74-3B41-46EB-8397-30054E8D26D5}
	EndGlobalSection
EndGlobal
